
Microsoft Visual Studio Solution File, Format Version 12.00
# Visual Studio 2013
VisualStudioVersion = 12.0.21005.1
MinimumVisualStudioVersion = 10.0.40219.1
Project("{F184B08F-C81C-45F6-A57F-5ABD9991F28F}") = "MatchingGameVB", "MatchingGameVB\MatchingGameVB.vbproj", "{7A78A1A4-F56A-49A7-BEB7-F2198C752484}"
EndProject
Global
	GlobalSection(SolutionConfigurationPlatforms) = preSolution
		Debug|Any CPU = Debug|Any CPU
		Release|Any CPU = Release|Any CPU
	EndGlobalSection
	GlobalSection(ProjectConfigurationPlatforms) = postSolution
		{7A78A1A4-F56A-49A7-BEB7-F2198C752484}.Debug|Any CPU.ActiveCfg = Debug|Any CPU
		{7A78A1A4-F56A-49A7-BEB7-F2198C752484}.Debug|Any CPU.Build.0 = Debug|Any CPU
		{7A78A1A4-F56A-49A7-BEB7-F2198C752484}.Release|Any CPU.ActiveCfg = Release|Any CPU
		{7A78A1A4-F56A-49A7-BEB7-F2198C752484}.Release|Any CPU.Build.0 = Release|Any CPU
	EndGlobalSection
	GlobalSection(SolutionProperties) = preSolution
		HideSolutionNode = FALSE
	EndGlobalSection
EndGlobal
